// !$*UTF8*$!
{
	archiveVersion = 1;
	classes = {
	};
	objectVersion = 48;
	objects = {

/* Begin PBXBuildFile section */
		22EF026A20060C2600A108EB /* AppDelegate.swift in Sources */ = {isa = PBXBuildFile; fileRef = 22EF026920060C2600A108EB /* AppDelegate.swift */; };
		22EF026C20060C2600A108EB /* ViewController.swift in Sources */ = {isa = PBXBuildFile; fileRef = 22EF026B20060C2600A108EB /* ViewController.swift */; };
		22EF026F20060C2600A108EB /* Main.storyboard in Resources */ = {isa = PBXBuildFile; fileRef = 22EF026D20060C2600A108EB /* Main.storyboard */; };
		22EF027120060C2600A108EB /* Assets.xcassets in Resources */ = {isa = PBXBuildFile; fileRef = 22EF027020060C2600A108EB /* Assets.xcassets */; };
		22EF027420060C2600A108EB /* LaunchScreen.storyboard in Resources */ = {isa = PBXBuildFile; fileRef = 22EF027220060C2600A108EB /* LaunchScreen.storyboard */; };
		22EF027C20060D1100A108EB /* FuncButton.swift in Sources */ = {isa = PBXBuildFile; fileRef = 22EF027B20060D1100A108EB /* FuncButton.swift */; };
		22EF027E20060EB900A108EB /* Board.swift in Sources */ = {isa = PBXBuildFile; fileRef = 22EF027D20060EB900A108EB /* Board.swift */; };
		22EF0280200625FF00A108EB /* Screen.swift in Sources */ = {isa = PBXBuildFile; fileRef = 22EF027F200625FF00A108EB /* Screen.swift */; };
		22EF028220063E3F00A108EB /* CalculatorEngine.swift in Sources */ = {isa = PBXBuildFile; fileRef = 22EF028120063E3F00A108EB /* CalculatorEngine.swift */; };
		379820B0A5792BCA0B309389 /* Pods_Project1_Calculator.framework in Frameworks */ = {isa = PBXBuildFile; fileRef = D924793A1671E313D7CAAF88 /* Pods_Project1_Calculator.framework */; };
/* End PBXBuildFile section */

/* Begin PBXFileReference section */
		22EF026620060C2600A108EB /* Project1_Calculator.app */ = {isa = PBXFileReference; explicitFileType = wrapper.application; includeInIndex = 0; path = Project1_Calculator.app; sourceTree = BUILT_PRODUCTS_DIR; };
		22EF026920060C2600A108EB /* AppDelegate.swift */ = {isa = PBXFileReference; lastKnownFileType = sourcecode.swift; path = AppDelegate.swift; sourceTree = "<group>"; };
		22EF026B20060C2600A108EB /* ViewController.swift */ = {isa = PBXFileReference; lastKnownFileType = sourcecode.swift; path = ViewController.swift; sourceTree = "<group>"; };
		22EF026E20060C2600A108EB /* Base */ = {isa = PBXFileReference; lastKnownFileType = file.storyboard; name = Base; path = Base.lproj/Main.storyboard; sourceTree = "<group>"; };
		22EF027020060C2600A108EB /* Assets.xcassets */ = {isa = PBXFileReference; lastKnownFileType = folder.assetcatalog; path = Assets.xcassets; sourceTree = "<group>"; };
		22EF027320060C2600A108EB /* Base */ = {isa = PBXFileReference; lastKnownFileType = file.storyboard; name = Base; path = Base.lproj/LaunchScreen.storyboard; sourceTree = "<group>"; };
		22EF027520060C2600A108EB /* Info.plist */ = {isa = PBXFileReference; lastKnownFileType = text.plist.xml; path = Info.plist; sourceTree = "<group>"; };
		22EF027B20060D1100A108EB /* FuncButton.swift */ = {isa = PBXFileReference; lastKnownFileType = sourcecode.swift; path = FuncButton.swift; sourceTree = "<group>"; };
		22EF027D20060EB900A108EB /* Board.swift */ = {isa = PBXFileReference; lastKnownFileType = sourcecode.swift; path = Board.swift; sourceTree = "<group>"; };
		22EF027F200625FF00A108EB /* Screen.swift */ = {isa = PBXFileReference; lastKnownFileType = sourcecode.swift; path = Screen.swift; sourceTree = "<group>"; };
		22EF028120063E3F00A108EB /* CalculatorEngine.swift */ = {isa = PBXFileReference; lastKnownFileType = sourcecode.swift; path = CalculatorEngine.swift; sourceTree = "<group>"; };
		A64287043BAB19CE25294D4E /* Pods-Project1_Calculator.debug.xcconfig */ = {isa = PBXFileReference; includeInIndex = 1; lastKnownFileType = text.xcconfig; name = "Pods-Project1_Calculator.debug.xcconfig"; path = "Pods/Target Support Files/Pods-Project1_Calculator/Pods-Project1_Calculator.debug.xcconfig"; sourceTree = "<group>"; };
		C42DC257CAC6684113A23678 /* Pods-Project1_Calculator.release.xcconfig */ = {isa = PBXFileReference; includeInIndex = 1; lastKnownFileType = text.xcconfig; name = "Pods-Project1_Calculator.release.xcconfig"; path = "Pods/Target Support Files/Pods-Project1_Calculator/Pods-Project1_Calculator.release.xcconfig"; sourceTree = "<group>"; };
		D924793A1671E313D7CAAF88 /* Pods_Project1_Calculator.framework */ = {isa = PBXFileReference; explicitFileType = wrapper.framework; includeInIndex = 0; path = Pods_Project1_Calculator.framework; sourceTree = BUILT_PRODUCTS_DIR; };
/* End PBXFileReference section */

/* Begin PBXFrameworksBuildPhase section */
		22EF026320060C2600A108EB /* Frameworks */ = {
			isa = PBXFrameworksBuildPhase;
			buildActionMask = 2147483647;
			files = (
				379820B0A5792BCA0B309389 /* Pods_Project1_Calculator.framework in Frameworks */,
			);
			runOnlyForDeploymentPostprocessing = 0;
		};
/* End PBXFrameworksBuildPhase section */

/* Begin PBXGroup section */
		22EF025D20060C2600A108EB = {
			isa = PBXGroup;
			children = (
				22EF026820060C2600A108EB /* Project1_Calculator */,
				22EF026720060C2600A108EB /* Products */,
				E4682BDC82A06AD99D7F30BA /* Pods */,
				6BC5CD89AC986AC8DAE6710B /* Frameworks */,
			);
			sourceTree = "<group>";
		};
		22EF026720060C2600A108EB /* Products */ = {
			isa = PBXGroup;
			children = (
				22EF026620060C2600A108EB /* Project1_Calculator.app */,
			);
			name = Products;
			sourceTree = "<group>";
		};
		22EF026820060C2600A108EB /* Project1_Calculator */ = {
			isa = PBXGroup;
			children = (
				22EF026920060C2600A108EB /* AppDelegate.swift */,
				22EF026B20060C2600A108EB /* ViewController.swift */,
				22EF026D20060C2600A108EB /* Main.storyboard */,
				22EF027020060C2600A108EB /* Assets.xcassets */,
				22EF027220060C2600A108EB /* LaunchScreen.storyboard */,
				22EF027520060C2600A108EB /* Info.plist */,
				22EF027B20060D1100A108EB /* FuncButton.swift */,
				22EF027D20060EB900A108EB /* Board.swift */,
				22EF027F200625FF00A108EB /* Screen.swift */,
				22EF028120063E3F00A108EB /* CalculatorEngine.swift */,
			);
			path = Project1_Calculator;
			sourceTree = "<group>";
		};
		6BC5CD89AC986AC8DAE6710B /* Frameworks */ = {
			isa = PBXGroup;
			children = (
				D924793A1671E313D7CAAF88 /* Pods_Project1_Calculator.framework */,
			);
			name = Frameworks;
			sourceTree = "<group>";
		};
		E4682BDC82A06AD99D7F30BA /* Pods */ = {
			isa = PBXGroup;
			children = (
				A64287043BAB19CE25294D4E /* Pods-Project1_Calculator.debug.xcconfig */,
				C42DC257CAC6684113A23678 /* Pods-Project1_Calculator.release.xcconfig */,
			);
			name = Pods;
			sourceTree = "<group>";
		};
/* End PBXGroup section */

/* Begin PBXNativeTarget section */
		22EF026520060C2600A108EB /* Project1_Calculator */ = {
			isa = PBXNativeTarget;
			buildConfigurationList = 22EF027820060C2600A108EB /* Build configuration list for PBXNativeTarget "Project1_Calculator" */;
			buildPhases = (
				BE51DFA029AD4ABF7B4F0CFC /* [CP] Check Pods Manifest.lock */,
				22EF026220060C2600A108EB /* Sources */,
				22EF026320060C2600A108EB /* Frameworks */,
				22EF026420060C2600A108EB /* Resources */,
				638400A30BBB60ABB20A203E /* [CP] Embed Pods Frameworks */,
			);
			buildRules = (
			);
			dependencies = (
			);
			name = Project1_Calculator;
			productName = Project1_Calculator;
			productReference = 22EF026620060C2600A108EB /* Project1_Calculator.app */;
			productType = "com.apple.product-type.application";
		};
/* End PBXNativeTarget section */

/* Begin PBXProject section */
		22EF025E20060C2600A108EB /* Project object */ = {
			isa = PBXProject;
			attributes = {
				LastSwiftUpdateCheck = 0920;
				LastUpgradeCheck = 0920;
				ORGANIZATIONNAME = jike;
				TargetAttributes = {
					22EF026520060C2600A108EB = {
						CreatedOnToolsVersion = 9.2;
						ProvisioningStyle = Automatic;
					};
				};
			};
			buildConfigurationList = 22EF026120060C2600A108EB /* Build configuration list for PBXProject "Project1_Calculator" */;
			compatibilityVersion = "Xcode 8.0";
			developmentRegion = en;
			hasScannedForEncodings = 0;
			knownRegions = (
				en,
				Base,
			);
			mainGroup = 22EF025D20060C2600A108EB;
			productRefGroup = 22EF026720060C2600A108EB /* Products */;
			projectDirPath = "";
			projectRoot = "";
			targets = (
				22EF026520060C2600A108EB /* Project1_Calculator */,
			);
		};
/* End PBXProject section */

/* Begin PBXResourcesBuildPhase section */
		22EF026420060C2600A108EB /* Resources */ = {
			isa = PBXResourcesBuildPhase;
			buildActionMask = 2147483647;
			files = (
				22EF027420060C2600A108EB /* LaunchScreen.storyboard in Resources */,
				22EF027120060C2600A108EB /* Assets.xcassets in Resources */,
				22EF026F20060C2600A108EB /* Main.storyboard in Resources */,
			);
			runOnlyForDeploymentPostprocessing = 0;
		};
/* End PBXResourcesBuildPhase section */

/* Begin PBXShellScriptBuildPhase section */
		638400A30BBB60ABB20A203E /* [CP] Embed Pods Frameworks */ = {
			isa = PBXShellScriptBuildPhase;
			buildActionMask = 2147483647;
			files = (
			);
			inputPaths = (
				"${SRCROOT}/Pods/Target Support Files/Pods-Project1_Calculator/Pods-Project1_Calculator-frameworks.sh",
				"${BUILT_PRODUCTS_DIR}/SnapKit/SnapKit.framework",
			);
			name = "[CP] Embed Pods Frameworks";
			outputPaths = (
				"${TARGET_BUILD_DIR}/${FRAMEWORKS_FOLDER_PATH}/SnapKit.framework",
			);
			runOnlyForDeploymentPostprocessing = 0;
			shellPath = /bin/sh;
			shellScript = "\"${SRCROOT}/Pods/Target Support Files/Pods-Project1_Calculator/Pods-Project1_Calculator-frameworks.sh\"\n";
			showEnvVarsInLog = 0;
		};
		BE51DFA029AD4ABF7B4F0CFC /* [CP] Check Pods Manifest.lock */ = {
			isa = PBXShellScriptBuildPhase;
			buildActionMask = 2147483647;
			files = (
			);
			inputPaths = (
				"${PODS_PODFILE_DIR_PATH}/Podfile.lock",
				"${PODS_ROOT}/Manifest.lock",
			);
			name = "[CP] Check Pods Manifest.lock";
			outputPaths = (
				"$(DERIVED_FILE_DIR)/Pods-Project1_Calculator-checkManifestLockResult.txt",
			);
			runOnlyForDeploymentPostprocessing = 0;
			shellPath = /bin/sh;
			shellScript = "diff \"${PODS_PODFILE_DIR_PATH}/Podfile.lock\" \"${PODS_ROOT}/Manifest.lock\" > /dev/null\nif [ $? != 0 ] ; then\n    # print error to STDERR\n    echo \"error: The sandbox is not in sync with the Podfile.lock. Run 'pod install' or update your CocoaPods installation.\" >&2\n    exit 1\nfi\n# This output is used by Xcode 'outputs' to avoid re-running this script phase.\necho \"SUCCESS\" > \"${SCRIPT_OUTPUT_FILE_0}\"\n";
			showEnvVarsInLog = 0;
		};
/* End PBXShellScriptBuildPhase section */

/* Begin PBXSourcesBuildPhase section */
		22EF026220060C2600A108EB /* Sources */ = {
			isa = PBXSourcesBuildPhase;
			buildActionMask = 2147483647;
			files = (
				22EF0280200625FF00A108EB /* Screen.swift in Sources */,
				22EF026C20060C2600A108EB /* ViewController.swift in Sources */,
				22EF027C20060D1100A108EB /* FuncButton.swift in Sources */,
				22EF027E20060EB900A108EB /* Board.swift in Sources */,
				22EF026A20060C2600A108EB /* AppDelegate.swift in Sources */,
				22EF028220063E3F00A108EB /* CalculatorEngine.swift in Sources */,
			);
			runOnlyForDeploymentPostprocessing = 0;
		};
/* End PBXSourcesBuildPhase section */

/* Begin PBXVariantGroup section */
		22EF026D20060C2600A108EB /* Main.storyboard */ = {
			isa = PBXVariantGroup;
			children = (
				22EF026E20060C2600A108EB /* Base */,
			);
			name = Main.storyboard;
			sourceTree = "<group>";
		};
		22EF027220060C2600A108EB /* LaunchScreen.storyboard */ = {
			isa = PBXVariantGroup;
			children = (
				22EF027320060C2600A108EB /* Base */,
			);
			name = LaunchScreen.storyboard;
			sourceTree = "<group>";
		};
/* End PBXVariantGroup section */

/* Begin XCBuildConfiguration section */
		22EF027620060C2600A108EB /* Debug */ = {
			isa = XCBuildConfiguration;
			buildSettings = {
				ALWAYS_SEARCH_USER_PATHS = NO;
				CLANG_ANALYZER_NONNULL = YES;
				CLANG_ANALYZER_NUMBER_OBJECT_CONVERSION = YES_AGGRESSIVE;
				CLANG_CXX_LANGUAGE_STANDARD = "gnu++14";
				CLANG_CXX_LIBRARY = "libc++";
				CLANG_ENABLE_MODULES = YES;
				CLANG_ENABLE_OBJC_ARC = YES;
				CLANG_WARN_BLOCK_CAPTURE_AUTORELEASING = YES;
				CLANG_WARN_BOOL_CONVERSION = YES;
				CLANG_WARN_COMMA = YES;
				CLANG_WARN_CONSTANT_CONVERSION = YES;
				CLANG_WARN_DIRECT_OBJC_ISA_USAGE = YES_ERROR;
				CLANG_WARN_DOCUMENTATION_COMMENTS = YES;
				CLANG_WARN_EMPTY_BODY = YES;
				CLANG_WARN_ENUM_CONVERSION = YES;
				CLANG_WARN_INFINITE_RECURSION = YES;
				CLANG_WARN_INT_CONVERSION = YES;
				CLANG_WARN_NON_LITERAL_NULL_CONVERSION = YES;
				CLANG_WARN_OBJC_LITERAL_CONVERSION = YES;
				CLANG_WARN_OBJC_ROOT_CLASS = YES_ERROR;
				CLANG_WARN_RANGE_LOOP_ANALYSIS = YES;
				CLANG_WARN_STRICT_PROTOTYPES = YES;
				CLANG_WARN_SUSPICIOUS_MOVE = YES;
				CLANG_WARN_UNGUARDED_AVAILABILITY = YES_AGGRESSIVE;
				CLANG_WARN_UNREACHABLE_CODE = YES;
				CLANG_WARN__DUPLICATE_METHOD_MATCH = YES;
				CODE_SIGN_IDENTITY = "iPhone Developer";
				COPY_PHASE_STRIP = NO;
				DEBUG_INFORMATION_FORMAT = dwarf;
				ENABLE_STRICT_OBJC_MSGSEND = YES;
				ENABLE_TESTABILITY = YES;
				GCC_C_LANGUAGE_STANDARD = gnu11;
				GCC_DYNAMIC_NO_PIC = NO;
				GCC_NO_COMMON_BLOCKS = YES;
				GCC_OPTIMIZATION_LEVEL = 0;
				GCC_PREPROCESSOR_DEFINITIONS = (
					"DEBUG=1",
					"$(inherited)",
				);
				GCC_WARN_64_TO_32_BIT_CONVERSION = YES;
				GCC_WARN_ABOUT_RETURN_TYPE = YES_ERROR;
				GCC_WARN_UNDECLARED_SELECTOR = YES;
				GCC_WARN_UNINITIALIZED_AUTOS = YES_AGGRESSIVE;
				GCC_WARN_UNUSED_FUNCTION = YES;
				GCC_WARN_UNUSED_VARIABLE = YES;
				IPHONEOS_DEPLOYMENT_TARGET = 11.2;
				MTL_ENABLE_DEBUG_INFO = YES;
				ONLY_ACTIVE_ARCH = YES;
				SDKROOT = iphoneos;
				SWIFT_ACTIVE_COMPILATION_CONDITIONS = DEBUG;
				SWIFT_OPTIMIZATION_LEVEL = "-Onone";
			};
			name = Debug;
		};
		22EF027720060C2600A108EB /* Release */ = {
			isa = XCBuildConfiguration;
			buildSettings = {
				ALWAYS_SEARCH_USER_PATHS = NO;
				CLANG_ANALYZER_NONNULL = YES;
				CLANG_ANALYZER_NUMBER_OBJECT_CONVERSION = YES_AGGRESSIVE;
				CLANG_CXX_LANGUAGE_STANDARD = "gnu++14";
				CLANG_CXX_LIBRARY = "libc++";
				CLANG_ENABLE_MODULES = YES;
				CLANG_ENABLE_OBJC_ARC = YES;
				CLANG_WARN_BLOCK_CAPTURE_AUTORELEASING = YES;
				CLANG_WARN_BOOL_CONVERSION = YES;
				CLANG_WARN_COMMA = YES;
				CLANG_WARN_CONSTANT_CONVERSION = YES;
				CLANG_WARN_DIRECT_OBJC_ISA_USAGE = YES_ERROR;
				CLANG_WARN_DOCUMENTATION_COMMENTS = YES;
				CLANG_WARN_EMPTY_BODY = YES;
				CLANG_WARN_ENUM_CONVERSION = YES;
				CLANG_WARN_INFINITE_RECURSION = YES;
				CLANG_WARN_INT_CONVERSION = YES;
				CLANG_WARN_NON_LITERAL_NULL_CONVERSION = YES;
				CLANG_WARN_OBJC_LITERAL_CONVERSION = YES;
				CLANG_WARN_OBJC_ROOT_CLASS = YES_ERROR;
				CLANG_WARN_RANGE_LOOP_ANALYSIS = YES;
				CLANG_WARN_STRICT_PROTOTYPES = YES;
				CLANG_WARN_SUSPICIOUS_MOVE = YES;
				CLANG_WARN_UNGUARDED_AVAILABILITY = YES_AGGRESSIVE;
				CLANG_WARN_UNREACHABLE_CODE = YES;
				CLANG_WARN__DUPLICATE_METHOD_MATCH = YES;
				CODE_SIGN_IDENTITY = "iPhone Developer";
				COPY_PHASE_STRIP = NO;
				DEBUG_INFORMATION_FORMAT = "dwarf-with-dsym";
				ENABLE_NS_ASSERTIONS = NO;
				ENABLE_STRICT_OBJC_MSGSEND = YES;
				GCC_C_LANGUAGE_STANDARD = gnu11;
				GCC_NO_COMMON_BLOCKS = YES;
				GCC_WARN_64_TO_32_BIT_CONVERSION = YES;
				GCC_WARN_ABOUT_RETURN_TYPE = YES_ERROR;
				GCC_WARN_UNDECLARED_SELECTOR = YES;
				GCC_WARN_UNINITIALIZED_AUTOS = YES_AGGRESSIVE;
				GCC_WARN_UNUSED_FUNCTION = YES;
				GCC_WARN_UNUSED_VARIABLE = YES;
				IPHONEOS_DEPLOYMENT_TARGET = 11.2;
				MTL_ENABLE_DEBUG_INFO = NO;
				SDKROOT = iphoneos;
				SWIFT_OPTIMIZATION_LEVEL = "-Owholemodule";
				VALIDATE_PRODUCT = YES;
			};
			name = Release;
		};
		22EF027920060C2600A108EB /* Debug */ = {
			isa = XCBuildConfiguration;
			baseConfigurationReference = A64287043BAB19CE25294D4E /* Pods-Project1_Calculator.debug.xcconfig */;
			buildSettings = {
				ASSETCATALOG_COMPILER_APPICON_NAME = AppIcon;
				CODE_SIGN_STYLE = Automatic;
				INFOPLIST_FILE = Project1_Calculator/Info.plist;
				LD_RUNPATH_SEARCH_PATHS = "$(inherited) @executable_path/Frameworks";
				PRODUCT_BUNDLE_IDENTIFIER = "jike.Project1-Calculator";
				PRODUCT_NAME = "$(TARGET_NAME)";
				SWIFT_VERSION = 4.0;
				TARGETED_DEVICE_FAMILY = "1,2";
			};
			name = Debug;
		};
		22EF027A20060C2600A108EB /* Release */ = {
			isa = XCBuildConfiguration;
			baseConfigurationReference = C42DC257CAC6684113A23678 /* Pods-Project1_Calculator.release.xcconfig */;
			buildSettings = {
				ASSETCATALOG_COMPILER_APPICON_NAME = AppIcon;
				CODE_SIGN_STYLE = Automatic;
				INFOPLIST_FILE = Project1_Calculator/Info.plist;
				LD_RUNPATH_SEARCH_PATHS = "$(inherited) @executable_path/Frameworks";
				PRODUCT_BUNDLE_IDENTIFIER = "jike.Project1-Calculator";
				PRODUCT_NAME = "$(TARGET_NAME)";
				SWIFT_VERSION = 4.0;
				TARGETED_DEVICE_FAMILY = "1,2";
			};
			name = Release;
		};
/* End XCBuildConfiguration section */

/* Begin XCConfigurationList section */
		22EF026120060C2600A108EB /* Build configuration list for PBXProject "Project1_Calculator" */ = {
			isa = XCConfigurationList;
			buildConfigurations = (
				22EF027620060C2600A108EB /* Debug */,
				22EF027720060C2600A108EB /* Release */,
			);
			defaultConfigurationIsVisible = 0;
			defaultConfigurationName = Release;
		};
		22EF027820060C2600A108EB /* Build configuration list for PBXNativeTarget "Project1_Calculator" */ = {
			isa = XCConfigurationList;
			buildConfigurations = (
				22EF027920060C2600A108EB /* Debug */,
				22EF027A20060C2600A108EB /* Release */,
			);
			defaultConfigurationIsVisible = 0;
			defaultConfigurationName = Release;
		};
/* End XCConfigurationList section */
	};
	rootObject = 22EF025E20060C2600A108EB /* Project object */;
}
